
Microsoft Visual Studio Solution File, Format Version 12.00
# Visual Studio Version 16
VisualStudioVersion = 16.0.29709.97
MinimumVisualStudioVersion = 10.0.40219.1
Project("{FAE04EC0-301F-11D3-BF4B-00C04F79EFBC}") = "MiddleEarthTravel", "MiddleEarthTravel\MiddleEarthTravel.csproj", "{EE9BC3A4-A31B-47E8-A1B4-7662900E0755}"
EndProject
Project("{2150E333-8FDC-42A3-9474-1A3956D46DE8}") = "Solution Items", "Solution Items", "{485C4C74-AEE9-4638-94BC-ABF95A6BBCC4}"
	ProjectSection(SolutionItems) = preProject
		.editorconfig = .editorconfig
	EndProjectSection
EndProject
Global
	GlobalSection(SolutionConfigurationPlatforms) = preSolution
		Debug|Any CPU = Debug|Any CPU
		Release|Any CPU = Release|Any CPU
	EndGlobalSection
	GlobalSection(ProjectConfigurationPlatforms) = postSolution
		{EE9BC3A4-A31B-47E8-A1B4-7662900E0755}.Debug|Any CPU.ActiveCfg = Debug|Any CPU
		{EE9BC3A4-A31B-47E8-A1B4-7662900E0755}.Debug|Any CPU.Build.0 = Debug|Any CPU
		{EE9BC3A4-A31B-47E8-A1B4-7662900E0755}.Release|Any CPU.ActiveCfg = Release|Any CPU
		{EE9BC3A4-A31B-47E8-A1B4-7662900E0755}.Release|Any CPU.Build.0 = Release|Any CPU
	EndGlobalSection
	GlobalSection(SolutionProperties) = preSolution
		HideSolutionNode = FALSE
	EndGlobalSection
	GlobalSection(ExtensibilityGlobals) = postSolution
		SolutionGuid = {F1DC4514-0ED3-47E6-8644-28F4022B1E91}
	EndGlobalSection
EndGlobal
